
Microsoft Visual Studio Solution File, Format Version 12.00
# Visual Studio Version 17
VisualStudioVersion = 17.11.35303.130
MinimumVisualStudioVersion = 10.0.40219.1
Project("{FAE04EC0-301F-11D3-BF4B-00C04F79EFBC}") = "CreditCardValidator", "CreditCardValidator\CreditCardValidator.csproj", "{4D2AE7F5-98AC-4DE4-936B-C6B6013B6B99}"
EndProject
Project("{FAE04EC0-301F-11D3-BF4B-00C04F79EFBC}") = "CreditCardValidator.Utilities", "CreditCardValidator.Utilities\CreditCardValidator.Utilities.csproj", "{D6A21613-A87B-4E1C-BE69-AF1397FF72AF}"
EndProject
Project("{FAE04EC0-301F-11D3-BF4B-00C04F79EFBC}") = "CreditCardValidator.Models", "CreditCardValidator.Models\CreditCardValidator.Models.csproj", "{FFE92759-E325-41C2-A554-EF92A0ECB7A8}"
EndProject
Project("{FAE04EC0-301F-11D3-BF4B-00C04F79EFBC}") = "CreditCardValidator.Services", "CreditCardValidator.Services\CreditCardValidator.Services.csproj", "{93BF39B9-FA40-4510-B9F7-FE462EE02EC2}"
EndProject
Project("{FAE04EC0-301F-11D3-BF4B-00C04F79EFBC}") = "CreditCardValidator.Tests", "CreditCardValidator.Tests\CreditCardValidator.Tests.csproj", "{5272D2BD-A17E-4E19-B212-E012094145B8}"
EndProject
Global
	GlobalSection(SolutionConfigurationPlatforms) = preSolution
		Debug|Any CPU = Debug|Any CPU
		Release|Any CPU = Release|Any CPU
	EndGlobalSection
	GlobalSection(ProjectConfigurationPlatforms) = postSolution
		{4D2AE7F5-98AC-4DE4-936B-C6B6013B6B99}.Debug|Any CPU.ActiveCfg = Debug|Any CPU
		{4D2AE7F5-98AC-4DE4-936B-C6B6013B6B99}.Debug|Any CPU.Build.0 = Debug|Any CPU
		{4D2AE7F5-98AC-4DE4-936B-C6B6013B6B99}.Release|Any CPU.ActiveCfg = Release|Any CPU
		{4D2AE7F5-98AC-4DE4-936B-C6B6013B6B99}.Release|Any CPU.Build.0 = Release|Any CPU
		{D6A21613-A87B-4E1C-BE69-AF1397FF72AF}.Debug|Any CPU.ActiveCfg = Debug|Any CPU
		{D6A21613-A87B-4E1C-BE69-AF1397FF72AF}.Debug|Any CPU.Build.0 = Debug|Any CPU
		{D6A21613-A87B-4E1C-BE69-AF1397FF72AF}.Release|Any CPU.ActiveCfg = Release|Any CPU
		{D6A21613-A87B-4E1C-BE69-AF1397FF72AF}.Release|Any CPU.Build.0 = Release|Any CPU
		{FFE92759-E325-41C2-A554-EF92A0ECB7A8}.Debug|Any CPU.ActiveCfg = Debug|Any CPU
		{FFE92759-E325-41C2-A554-EF92A0ECB7A8}.Debug|Any CPU.Build.0 = Debug|Any CPU
		{FFE92759-E325-41C2-A554-EF92A0ECB7A8}.Release|Any CPU.ActiveCfg = Release|Any CPU
		{FFE92759-E325-41C2-A554-EF92A0ECB7A8}.Release|Any CPU.Build.0 = Release|Any CPU
		{93BF39B9-FA40-4510-B9F7-FE462EE02EC2}.Debug|Any CPU.ActiveCfg = Debug|Any CPU
		{93BF39B9-FA40-4510-B9F7-FE462EE02EC2}.Debug|Any CPU.Build.0 = Debug|Any CPU
		{93BF39B9-FA40-4510-B9F7-FE462EE02EC2}.Release|Any CPU.ActiveCfg = Release|Any CPU
		{93BF39B9-FA40-4510-B9F7-FE462EE02EC2}.Release|Any CPU.Build.0 = Release|Any CPU
		{5272D2BD-A17E-4E19-B212-E012094145B8}.Debug|Any CPU.ActiveCfg = Debug|Any CPU
		{5272D2BD-A17E-4E19-B212-E012094145B8}.Debug|Any CPU.Build.0 = Debug|Any CPU
		{5272D2BD-A17E-4E19-B212-E012094145B8}.Release|Any CPU.ActiveCfg = Release|Any CPU
		{5272D2BD-A17E-4E19-B212-E012094145B8}.Release|Any CPU.Build.0 = Release|Any CPU
	EndGlobalSection
	GlobalSection(SolutionProperties) = preSolution
		HideSolutionNode = FALSE
	EndGlobalSection
	GlobalSection(ExtensibilityGlobals) = postSolution
		SolutionGuid = {494F4926-BCC9-4C06-9E2B-4F36B02BB3F5}
	EndGlobalSection
EndGlobal
